{
  "name": "@rxpm/editor-js-code",
  "version": "0.0.1",
  "lockfileVersion": 3,
  "requires": true,
  "packages": {
    "": {
      "name": "@rxpm/editor-js-code",
      "version": "0.0.1",
      "license": "ISC",
      "dependencies": {
        "@codexteam/icons": "^0.0.5"
      }
    },
    "node_modules/@codexteam/icons": {
      "version": "0.0.5",
      "resolved": "https://registry.npmjs.org/@codexteam/icons/-/icons-0.0.5.tgz",
      "integrity": "sha512-s6H2KXhLz2rgbMZSkRm8dsMJvyUNZsEjxobBEg9ztdrb1B2H3pEzY6iTwI4XUPJWJ3c3qRKwV4TrO3J5jUdoQA=="
    }
  }
}
